// !$*UTF8*$!
{
	archiveVersion = 1;
	classes = {
	};
	objectVersion = 46;
	objects = {

/* Begin PBXBuildFile section */
		AC0A35BD1DD99F2A00DC863C /* TrelloAPI.swift in Sources */ = {isa = PBXBuildFile; fileRef = AC0A35BC1DD99F2A00DC863C /* TrelloAPI.swift */; };
		CB297ECF1DC6957200CE83DE /* AppDelegate.swift in Sources */ = {isa = PBXBuildFile; fileRef = CB297ECE1DC6957200CE83DE /* AppDelegate.swift */; };
		CB297ED41DC6957200CE83DE /* Main.storyboard in Resources */ = {isa = PBXBuildFile; fileRef = CB297ED21DC6957200CE83DE /* Main.storyboard */; };
		CB297ED61DC6957200CE83DE /* Assets.xcassets in Resources */ = {isa = PBXBuildFile; fileRef = CB297ED51DC6957200CE83DE /* Assets.xcassets */; };
		CB297ED91DC6957200CE83DE /* LaunchScreen.storyboard in Resources */ = {isa = PBXBuildFile; fileRef = CB297ED71DC6957200CE83DE /* LaunchScreen.storyboard */; };
		CB297EE31DC69B8F00CE83DE /* BoardsViewController.swift in Sources */ = {isa = PBXBuildFile; fileRef = CB297EE21DC69B8F00CE83DE /* BoardsViewController.swift */; };
		CB297EE71DC6A9FF00CE83DE /* Board.swift in Sources */ = {isa = PBXBuildFile; fileRef = CB297EE61DC6A9FF00CE83DE /* Board.swift */; };
		CB297EE91DC6AA0D00CE83DE /* List.swift in Sources */ = {isa = PBXBuildFile; fileRef = CB297EE81DC6AA0D00CE83DE /* List.swift */; };
		CB297EEB1DC6AA1400CE83DE /* Card.swift in Sources */ = {isa = PBXBuildFile; fileRef = CB297EEA1DC6AA1400CE83DE /* Card.swift */; };
		CB6BE75F1DCE4165007BE0B8 /* CardCell.swift in Sources */ = {isa = PBXBuildFile; fileRef = CB6BE75E1DCE4165007BE0B8 /* CardCell.swift */; };
		CBD0F78F1DCAB4F700450BFB /* ListsViewController.swift in Sources */ = {isa = PBXBuildFile; fileRef = CBD0F78E1DCAB4F700450BFB /* ListsViewController.swift */; };
		CBD0F7911DCAC76900450BFB /* CardsViewController.swift in Sources */ = {isa = PBXBuildFile; fileRef = CBD0F7901DCAC76900450BFB /* CardsViewController.swift */; };
/* End PBXBuildFile section */

/* Begin PBXFileReference section */
		AC0A35BC1DD99F2A00DC863C /* TrelloAPI.swift */ = {isa = PBXFileReference; fileEncoding = 4; lastKnownFileType = sourcecode.swift; path = TrelloAPI.swift; sourceTree = "<group>"; };
		CB297ECB1DC6957200CE83DE /* iTrello.app */ = {isa = PBXFileReference; explicitFileType = wrapper.application; includeInIndex = 0; path = iTrello.app; sourceTree = BUILT_PRODUCTS_DIR; };
		CB297ECE1DC6957200CE83DE /* AppDelegate.swift */ = {isa = PBXFileReference; lastKnownFileType = sourcecode.swift; path = AppDelegate.swift; sourceTree = "<group>"; };
		CB297ED31DC6957200CE83DE /* Base */ = {isa = PBXFileReference; lastKnownFileType = file.storyboard; name = Base; path = Base.lproj/Main.storyboard; sourceTree = "<group>"; };
		CB297ED51DC6957200CE83DE /* Assets.xcassets */ = {isa = PBXFileReference; lastKnownFileType = folder.assetcatalog; path = Assets.xcassets; sourceTree = "<group>"; };
		CB297ED81DC6957200CE83DE /* Base */ = {isa = PBXFileReference; lastKnownFileType = file.storyboard; name = Base; path = Base.lproj/LaunchScreen.storyboard; sourceTree = "<group>"; };
		CB297EDA1DC6957200CE83DE /* Info.plist */ = {isa = PBXFileReference; lastKnownFileType = text.plist.xml; path = Info.plist; sourceTree = "<group>"; };
		CB297EE21DC69B8F00CE83DE /* BoardsViewController.swift */ = {isa = PBXFileReference; fileEncoding = 4; lastKnownFileType = sourcecode.swift; path = BoardsViewController.swift; sourceTree = "<group>"; };
		CB297EE61DC6A9FF00CE83DE /* Board.swift */ = {isa = PBXFileReference; fileEncoding = 4; lastKnownFileType = sourcecode.swift; path = Board.swift; sourceTree = "<group>"; };
		CB297EE81DC6AA0D00CE83DE /* List.swift */ = {isa = PBXFileReference; fileEncoding = 4; lastKnownFileType = sourcecode.swift; path = List.swift; sourceTree = "<group>"; };
		CB297EEA1DC6AA1400CE83DE /* Card.swift */ = {isa = PBXFileReference; fileEncoding = 4; lastKnownFileType = sourcecode.swift; path = Card.swift; sourceTree = "<group>"; };
		CB6BE75E1DCE4165007BE0B8 /* CardCell.swift */ = {isa = PBXFileReference; fileEncoding = 4; lastKnownFileType = sourcecode.swift; path = CardCell.swift; sourceTree = "<group>"; };
		CBD0F78E1DCAB4F700450BFB /* ListsViewController.swift */ = {isa = PBXFileReference; fileEncoding = 4; lastKnownFileType = sourcecode.swift; path = ListsViewController.swift; sourceTree = "<group>"; };
		CBD0F7901DCAC76900450BFB /* CardsViewController.swift */ = {isa = PBXFileReference; fileEncoding = 4; lastKnownFileType = sourcecode.swift; path = CardsViewController.swift; sourceTree = "<group>"; };
/* End PBXFileReference section */

/* Begin PBXFrameworksBuildPhase section */
		CB297EC81DC6957200CE83DE /* Frameworks */ = {
			isa = PBXFrameworksBuildPhase;
			buildActionMask = 2147483647;
			files = (
			);
			runOnlyForDeploymentPostprocessing = 0;
		};
/* End PBXFrameworksBuildPhase section */

/* Begin PBXGroup section */
		CB297EC21DC6957200CE83DE = {
			isa = PBXGroup;
			children = (
				CB297ECD1DC6957200CE83DE /* iTrello */,
				CB297ECC1DC6957200CE83DE /* Products */,
			);
			sourceTree = "<group>";
		};
		CB297ECC1DC6957200CE83DE /* Products */ = {
			isa = PBXGroup;
			children = (
				CB297ECB1DC6957200CE83DE /* iTrello.app */,
			);
			name = Products;
			sourceTree = "<group>";
		};
		CB297ECD1DC6957200CE83DE /* iTrello */ = {
			isa = PBXGroup;
			children = (
				CB297ECE1DC6957200CE83DE /* AppDelegate.swift */,
				CB297EE61DC6A9FF00CE83DE /* Board.swift */,
				CB297EE81DC6AA0D00CE83DE /* List.swift */,
				CB297EEA1DC6AA1400CE83DE /* Card.swift */,
				CB297ED21DC6957200CE83DE /* Main.storyboard */,
				CB6BE75E1DCE4165007BE0B8 /* CardCell.swift */,
				CB297EE21DC69B8F00CE83DE /* BoardsViewController.swift */,
				CBD0F78E1DCAB4F700450BFB /* ListsViewController.swift */,
				CBD0F7901DCAC76900450BFB /* CardsViewController.swift */,
				CB297ED51DC6957200CE83DE /* Assets.xcassets */,
				CB297ED71DC6957200CE83DE /* LaunchScreen.storyboard */,
				CB297EDA1DC6957200CE83DE /* Info.plist */,
				AC0A35BC1DD99F2A00DC863C /* TrelloAPI.swift */,
			);
			path = iTrello;
			sourceTree = "<group>";
		};
/* End PBXGroup section */

/* Begin PBXNativeTarget section */
		CB297ECA1DC6957200CE83DE /* iTrello */ = {
			isa = PBXNativeTarget;
			buildConfigurationList = CB297EDD1DC6957200CE83DE /* Build configuration list for PBXNativeTarget "iTrello" */;
			buildPhases = (
				CB297EC71DC6957200CE83DE /* Sources */,
				CB297EC81DC6957200CE83DE /* Frameworks */,
				CB297EC91DC6957200CE83DE /* Resources */,
			);
			buildRules = (
			);
			dependencies = (
			);
			name = iTrello;
			productName = iTrello;
			productReference = CB297ECB1DC6957200CE83DE /* iTrello.app */;
			productType = "com.apple.product-type.application";
		};
/* End PBXNativeTarget section */

/* Begin PBXProject section */
		CB297EC31DC6957200CE83DE /* Project object */ = {
			isa = PBXProject;
			attributes = {
				LastSwiftUpdateCheck = 0730;
				LastUpgradeCheck = 0730;
				ORGANIZATIONNAME = "Jennifer Foster";
				TargetAttributes = {
					CB297ECA1DC6957200CE83DE = {
						CreatedOnToolsVersion = 7.3.1;
					};
				};
			};
			buildConfigurationList = CB297EC61DC6957200CE83DE /* Build configuration list for PBXProject "iTrello" */;
			compatibilityVersion = "Xcode 3.2";
			developmentRegion = English;
			hasScannedForEncodings = 0;
			knownRegions = (
				en,
				Base,
			);
			mainGroup = CB297EC21DC6957200CE83DE;
			productRefGroup = CB297ECC1DC6957200CE83DE /* Products */;
			projectDirPath = "";
			projectRoot = "";
			targets = (
				CB297ECA1DC6957200CE83DE /* iTrello */,
			);
		};
/* End PBXProject section */

/* Begin PBXResourcesBuildPhase section */
		CB297EC91DC6957200CE83DE /* Resources */ = {
			isa = PBXResourcesBuildPhase;
			buildActionMask = 2147483647;
			files = (
				CB297ED91DC6957200CE83DE /* LaunchScreen.storyboard in Resources */,
				CB297ED61DC6957200CE83DE /* Assets.xcassets in Resources */,
				CB297ED41DC6957200CE83DE /* Main.storyboard in Resources */,
			);
			runOnlyForDeploymentPostprocessing = 0;
		};
/* End PBXResourcesBuildPhase section */

/* Begin PBXSourcesBuildPhase section */
		CB297EC71DC6957200CE83DE /* Sources */ = {
			isa = PBXSourcesBuildPhase;
			buildActionMask = 2147483647;
			files = (
				CBD0F7911DCAC76900450BFB /* CardsViewController.swift in Sources */,
				CBD0F78F1DCAB4F700450BFB /* ListsViewController.swift in Sources */,
				CB297EEB1DC6AA1400CE83DE /* Card.swift in Sources */,
				CB297EE71DC6A9FF00CE83DE /* Board.swift in Sources */,
				CB297EE31DC69B8F00CE83DE /* BoardsViewController.swift in Sources */,
				CB297ECF1DC6957200CE83DE /* AppDelegate.swift in Sources */,
				AC0A35BD1DD99F2A00DC863C /* TrelloAPI.swift in Sources */,
				CB297EE91DC6AA0D00CE83DE /* List.swift in Sources */,
				CB6BE75F1DCE4165007BE0B8 /* CardCell.swift in Sources */,
			);
			runOnlyForDeploymentPostprocessing = 0;
		};
/* End PBXSourcesBuildPhase section */

/* Begin PBXVariantGroup section */
		CB297ED21DC6957200CE83DE /* Main.storyboard */ = {
			isa = PBXVariantGroup;
			children = (
				CB297ED31DC6957200CE83DE /* Base */,
			);
			name = Main.storyboard;
			sourceTree = "<group>";
		};
		CB297ED71DC6957200CE83DE /* LaunchScreen.storyboard */ = {
			isa = PBXVariantGroup;
			children = (
				CB297ED81DC6957200CE83DE /* Base */,
			);
			name = LaunchScreen.storyboard;
			sourceTree = "<group>";
		};
/* End PBXVariantGroup section */

/* Begin XCBuildConfiguration section */
		CB297EDB1DC6957200CE83DE /* Debug */ = {
			isa = XCBuildConfiguration;
			buildSettings = {
				ALWAYS_SEARCH_USER_PATHS = NO;
				CLANG_ANALYZER_NONNULL = YES;
				CLANG_CXX_LANGUAGE_STANDARD = "gnu++0x";
				CLANG_CXX_LIBRARY = "libc++";
				CLANG_ENABLE_MODULES = YES;
				CLANG_ENABLE_OBJC_ARC = YES;
				CLANG_WARN_BOOL_CONVERSION = YES;
				CLANG_WARN_CONSTANT_CONVERSION = YES;
				CLANG_WARN_DIRECT_OBJC_ISA_USAGE = YES_ERROR;
				CLANG_WARN_EMPTY_BODY = YES;
				CLANG_WARN_ENUM_CONVERSION = YES;
				CLANG_WARN_INT_CONVERSION = YES;
				CLANG_WARN_OBJC_ROOT_CLASS = YES_ERROR;
				CLANG_WARN_UNREACHABLE_CODE = YES;
				CLANG_WARN__DUPLICATE_METHOD_MATCH = YES;
				"CODE_SIGN_IDENTITY[sdk=iphoneos*]" = "iPhone Developer";
				COPY_PHASE_STRIP = NO;
				DEBUG_INFORMATION_FORMAT = dwarf;
				ENABLE_STRICT_OBJC_MSGSEND = YES;
				ENABLE_TESTABILITY = YES;
				GCC_C_LANGUAGE_STANDARD = gnu99;
				GCC_DYNAMIC_NO_PIC = NO;
				GCC_NO_COMMON_BLOCKS = YES;
				GCC_OPTIMIZATION_LEVEL = 0;
				GCC_PREPROCESSOR_DEFINITIONS = (
					"DEBUG=1",
					"$(inherited)",
				);
				GCC_WARN_64_TO_32_BIT_CONVERSION = YES;
				GCC_WARN_ABOUT_RETURN_TYPE = YES_ERROR;
				GCC_WARN_UNDECLARED_SELECTOR = YES;
				GCC_WARN_UNINITIALIZED_AUTOS = YES_AGGRESSIVE;
				GCC_WARN_UNUSED_FUNCTION = YES;
				GCC_WARN_UNUSED_VARIABLE = YES;
				IPHONEOS_DEPLOYMENT_TARGET = 9.3;
				MTL_ENABLE_DEBUG_INFO = YES;
				ONLY_ACTIVE_ARCH = YES;
				SDKROOT = iphoneos;
				SWIFT_OPTIMIZATION_LEVEL = "-Onone";
			};
			name = Debug;
		};
		CB297EDC1DC6957200CE83DE /* Release */ = {
			isa = XCBuildConfiguration;
			buildSettings = {
				ALWAYS_SEARCH_USER_PATHS = NO;
				CLANG_ANALYZER_NONNULL = YES;
				CLANG_CXX_LANGUAGE_STANDARD = "gnu++0x";
				CLANG_CXX_LIBRARY = "libc++";
				CLANG_ENABLE_MODULES = YES;
				CLANG_ENABLE_OBJC_ARC = YES;
				CLANG_WARN_BOOL_CONVERSION = YES;
				CLANG_WARN_CONSTANT_CONVERSION = YES;
				CLANG_WARN_DIRECT_OBJC_ISA_USAGE = YES_ERROR;
				CLANG_WARN_EMPTY_BODY = YES;
				CLANG_WARN_ENUM_CONVERSION = YES;
				CLANG_WARN_INT_CONVERSION = YES;
				CLANG_WARN_OBJC_ROOT_CLASS = YES_ERROR;
				CLANG_WARN_UNREACHABLE_CODE = YES;
				CLANG_WARN__DUPLICATE_METHOD_MATCH = YES;
				"CODE_SIGN_IDENTITY[sdk=iphoneos*]" = "iPhone Developer";
				COPY_PHASE_STRIP = NO;
				DEBUG_INFORMATION_FORMAT = "dwarf-with-dsym";
				ENABLE_NS_ASSERTIONS = NO;
				ENABLE_STRICT_OBJC_MSGSEND = YES;
				GCC_C_LANGUAGE_STANDARD = gnu99;
				GCC_NO_COMMON_BLOCKS = YES;
				GCC_WARN_64_TO_32_BIT_CONVERSION = YES;
				GCC_WARN_ABOUT_RETURN_TYPE = YES_ERROR;
				GCC_WARN_UNDECLARED_SELECTOR = YES;
				GCC_WARN_UNINITIALIZED_AUTOS = YES_AGGRESSIVE;
				GCC_WARN_UNUSED_FUNCTION = YES;
				GCC_WARN_UNUSED_VARIABLE = YES;
				IPHONEOS_DEPLOYMENT_TARGET = 9.3;
				MTL_ENABLE_DEBUG_INFO = NO;
				SDKROOT = iphoneos;
				VALIDATE_PRODUCT = YES;
			};
			name = Release;
		};
		CB297EDE1DC6957200CE83DE /* Debug */ = {
			isa = XCBuildConfiguration;
			buildSettings = {
				ASSETCATALOG_COMPILER_APPICON_NAME = AppIcon;
				INFOPLIST_FILE = iTrello/Info.plist;
				LD_RUNPATH_SEARCH_PATHS = "$(inherited) @executable_path/Frameworks";
				PRODUCT_BUNDLE_IDENTIFIER = edu.oc.eagles.iTrello;
				PRODUCT_NAME = "$(TARGET_NAME)";
			};
			name = Debug;
		};
		CB297EDF1DC6957200CE83DE /* Release */ = {
			isa = XCBuildConfiguration;
			buildSettings = {
				ASSETCATALOG_COMPILER_APPICON_NAME = AppIcon;
				INFOPLIST_FILE = iTrello/Info.plist;
				LD_RUNPATH_SEARCH_PATHS = "$(inherited) @executable_path/Frameworks";
				PRODUCT_BUNDLE_IDENTIFIER = edu.oc.eagles.iTrello;
				PRODUCT_NAME = "$(TARGET_NAME)";
			};
			name = Release;
		};
/* End XCBuildConfiguration section */

/* Begin XCConfigurationList section */
		CB297EC61DC6957200CE83DE /* Build configuration list for PBXProject "iTrello" */ = {
			isa = XCConfigurationList;
			buildConfigurations = (
				CB297EDB1DC6957200CE83DE /* Debug */,
				CB297EDC1DC6957200CE83DE /* Release */,
			);
			defaultConfigurationIsVisible = 0;
			defaultConfigurationName = Release;
		};
		CB297EDD1DC6957200CE83DE /* Build configuration list for PBXNativeTarget "iTrello" */ = {
			isa = XCConfigurationList;
			buildConfigurations = (
				CB297EDE1DC6957200CE83DE /* Debug */,
				CB297EDF1DC6957200CE83DE /* Release */,
			);
			defaultConfigurationIsVisible = 0;
			defaultConfigurationName = Release;
		};
/* End XCConfigurationList section */
	};
	rootObject = CB297EC31DC6957200CE83DE /* Project object */;
}
